
Microsoft Visual Studio Solution File, Format Version 12.00
# Visual Studio 15
VisualStudioVersion = 15.0.26730.15
MinimumVisualStudioVersion = 10.0.40219.1
Project("{FAE04EC0-301F-11D3-BF4B-00C04F79EFBC}") = "TransportFareCalculator.App", "TransportFareCalculator.App\TransportFareCalculator.App.csproj", "{C30CE99E-AC19-4109-9C10-A34AC8095D53}"
EndProject
Project("{FAE04EC0-301F-11D3-BF4B-00C04F79EFBC}") = "TransportFareCalculator.Test", "TransportFareCalculator.Test\TransportFareCalculator.Test.csproj", "{FC86873A-BB2F-4D28-B59F-479DCE4B99EE}"
EndProject
Global
	GlobalSection(SolutionConfigurationPlatforms) = preSolution
		Debug|Any CPU = Debug|Any CPU
		Release|Any CPU = Release|Any CPU
	EndGlobalSection
	GlobalSection(ProjectConfigurationPlatforms) = postSolution
		{C30CE99E-AC19-4109-9C10-A34AC8095D53}.Debug|Any CPU.ActiveCfg = Debug|Any CPU
		{C30CE99E-AC19-4109-9C10-A34AC8095D53}.Debug|Any CPU.Build.0 = Debug|Any CPU
		{C30CE99E-AC19-4109-9C10-A34AC8095D53}.Release|Any CPU.ActiveCfg = Release|Any CPU
		{C30CE99E-AC19-4109-9C10-A34AC8095D53}.Release|Any CPU.Build.0 = Release|Any CPU
		{FC86873A-BB2F-4D28-B59F-479DCE4B99EE}.Debug|Any CPU.ActiveCfg = Debug|Any CPU
		{FC86873A-BB2F-4D28-B59F-479DCE4B99EE}.Debug|Any CPU.Build.0 = Debug|Any CPU
		{FC86873A-BB2F-4D28-B59F-479DCE4B99EE}.Release|Any CPU.ActiveCfg = Release|Any CPU
		{FC86873A-BB2F-4D28-B59F-479DCE4B99EE}.Release|Any CPU.Build.0 = Release|Any CPU
	EndGlobalSection
	GlobalSection(SolutionProperties) = preSolution
		HideSolutionNode = FALSE
	EndGlobalSection
	GlobalSection(ExtensibilityGlobals) = postSolution
		SolutionGuid = {DC402978-8C82-4329-B612-5235999FDF14}
	EndGlobalSection
EndGlobal
